
Microsoft Visual Studio Solution File, Format Version 12.00
# Visual Studio Version 16
VisualStudioVersion = 16.0.30611.23
MinimumVisualStudioVersion = 10.0.40219.1
Project("{FAE04EC0-301F-11D3-BF4B-00C04F79EFBC}") = "ConsoleApp", "ConsoleApp\ConsoleApp.csproj", "{537000A9-43A2-4BBF-BE9E-394F16D83A34}"
EndProject
Global
	GlobalSection(SolutionConfigurationPlatforms) = preSolution
		Debug|Any CPU = Debug|Any CPU
		Release|Any CPU = Release|Any CPU
	EndGlobalSection
	GlobalSection(ProjectConfigurationPlatforms) = postSolution
		{537000A9-43A2-4BBF-BE9E-394F16D83A34}.Debug|Any CPU.ActiveCfg = Debug|Any CPU
		{537000A9-43A2-4BBF-BE9E-394F16D83A34}.Debug|Any CPU.Build.0 = Debug|Any CPU
		{537000A9-43A2-4BBF-BE9E-394F16D83A34}.Release|Any CPU.ActiveCfg = Release|Any CPU
		{537000A9-43A2-4BBF-BE9E-394F16D83A34}.Release|Any CPU.Build.0 = Release|Any CPU
	EndGlobalSection
	GlobalSection(SolutionProperties) = preSolution
		HideSolutionNode = FALSE
	EndGlobalSection
	GlobalSection(ExtensibilityGlobals) = postSolution
		SolutionGuid = {1EDB6EA3-90BF-471C-9FA2-CB7994545EE3}
	EndGlobalSection
EndGlobal
